// !$*UTF8*$!
{
	archiveVersion = 1;
	classes = {
	};
	objectVersion = 56;
	objects = {

/* Begin PBXBuildFile section */
		8B5AD3812C83544000AA2571 /* UserDetailsViewModel.swift in Sources */ = {isa = PBXBuildFile; fileRef = 8B5AD3802C83544000AA2571 /* UserDetailsViewModel.swift */; };
		8B6EC86B2C71DEE400CF7B77 /* gitprofileApp.swift in Sources */ = {isa = PBXBuildFile; fileRef = 8B6EC86A2C71DEE400CF7B77 /* gitprofileApp.swift */; };
		8B6EC86F2C71DEE600CF7B77 /* Assets.xcassets in Resources */ = {isa = PBXBuildFile; fileRef = 8B6EC86E2C71DEE600CF7B77 /* Assets.xcassets */; };
		8B6EC8722C71DEE600CF7B77 /* Preview Assets.xcassets in Resources */ = {isa = PBXBuildFile; fileRef = 8B6EC8712C71DEE600CF7B77 /* Preview Assets.xcassets */; };
		8B6EC87D2C71F18900CF7B77 /* Users.swift in Sources */ = {isa = PBXBuildFile; fileRef = 8B6EC87C2C71F18900CF7B77 /* Users.swift */; };
		8B6EC8832C72D94500CF7B77 /* UserListView.swift in Sources */ = {isa = PBXBuildFile; fileRef = 8B6EC8822C72D94500CF7B77 /* UserListView.swift */; };
		8B6EC8852C72D9C700CF7B77 /* UserCardView.swift in Sources */ = {isa = PBXBuildFile; fileRef = 8B6EC8842C72D9C700CF7B77 /* UserCardView.swift */; };
		8B6EC8912C73417600CF7B77 /* UserViewModel.swift in Sources */ = {isa = PBXBuildFile; fileRef = 8B6EC8902C73417600CF7B77 /* UserViewModel.swift */; };
		8B88FD8A2C80F72F001F2733 /* ConnectionsView.swift in Sources */ = {isa = PBXBuildFile; fileRef = 8B88FD892C80F72F001F2733 /* ConnectionsView.swift */; };
		8B88FD8C2C80F8B2001F2733 /* InfoContentView.swift in Sources */ = {isa = PBXBuildFile; fileRef = 8B88FD8B2C80F8B2001F2733 /* InfoContentView.swift */; };
		8B88FD8E2C8104E3001F2733 /* ViewExtensions.swift in Sources */ = {isa = PBXBuildFile; fileRef = 8B88FD8D2C8104E3001F2733 /* ViewExtensions.swift */; };
		8B88FD902C810E08001F2733 /* StarredRepositoriesListView.swift in Sources */ = {isa = PBXBuildFile; fileRef = 8B88FD8F2C810E08001F2733 /* StarredRepositoriesListView.swift */; };
		8B88FD922C810F9D001F2733 /* Repositories.swift in Sources */ = {isa = PBXBuildFile; fileRef = 8B88FD912C810F9D001F2733 /* Repositories.swift */; };
		8B9A27ED2C813A3F001F0C00 /* UserDetailsResponse.swift in Sources */ = {isa = PBXBuildFile; fileRef = 8B9A27EC2C813A3F001F0C00 /* UserDetailsResponse.swift */; };
		8BB8354C2C7AF1F8002C79E6 /* UserDetails.swift in Sources */ = {isa = PBXBuildFile; fileRef = 8BB8354B2C7AF1F8002C79E6 /* UserDetails.swift */; };
		8BEAA1A12C7E316500AEDB6D /* SlidingTabView.swift in Sources */ = {isa = PBXBuildFile; fileRef = 8BEAA1A02C7E316500AEDB6D /* SlidingTabView.swift */; };
		8BEAA1A32C7E595F00AEDB6D /* RepositoryItemView.swift in Sources */ = {isa = PBXBuildFile; fileRef = 8BEAA1A22C7E595F00AEDB6D /* RepositoryItemView.swift */; };
		8BF98C852C82264300E5139C /* RepositoryListView.swift in Sources */ = {isa = PBXBuildFile; fileRef = 8BF98C842C82264300E5139C /* RepositoryListView.swift */; };
/* End PBXBuildFile section */

/* Begin PBXFileReference section */
		8B5AD3802C83544000AA2571 /* UserDetailsViewModel.swift */ = {isa = PBXFileReference; lastKnownFileType = sourcecode.swift; path = UserDetailsViewModel.swift; sourceTree = "<group>"; };
		8B6EC8672C71DEE400CF7B77 /* gitprofile.app */ = {isa = PBXFileReference; explicitFileType = wrapper.application; includeInIndex = 0; path = gitprofile.app; sourceTree = BUILT_PRODUCTS_DIR; };
		8B6EC86A2C71DEE400CF7B77 /* gitprofileApp.swift */ = {isa = PBXFileReference; lastKnownFileType = sourcecode.swift; path = gitprofileApp.swift; sourceTree = "<group>"; };
		8B6EC86E2C71DEE600CF7B77 /* Assets.xcassets */ = {isa = PBXFileReference; lastKnownFileType = folder.assetcatalog; path = Assets.xcassets; sourceTree = "<group>"; };
		8B6EC8712C71DEE600CF7B77 /* Preview Assets.xcassets */ = {isa = PBXFileReference; lastKnownFileType = folder.assetcatalog; path = "Preview Assets.xcassets"; sourceTree = "<group>"; };
		8B6EC87C2C71F18900CF7B77 /* Users.swift */ = {isa = PBXFileReference; lastKnownFileType = sourcecode.swift; path = Users.swift; sourceTree = "<group>"; };
		8B6EC8822C72D94500CF7B77 /* UserListView.swift */ = {isa = PBXFileReference; lastKnownFileType = sourcecode.swift; path = UserListView.swift; sourceTree = "<group>"; };
		8B6EC8842C72D9C700CF7B77 /* UserCardView.swift */ = {isa = PBXFileReference; lastKnownFileType = sourcecode.swift; path = UserCardView.swift; sourceTree = "<group>"; };
		8B6EC8902C73417600CF7B77 /* UserViewModel.swift */ = {isa = PBXFileReference; lastKnownFileType = sourcecode.swift; path = UserViewModel.swift; sourceTree = "<group>"; };
		8B88FD892C80F72F001F2733 /* ConnectionsView.swift */ = {isa = PBXFileReference; lastKnownFileType = sourcecode.swift; path = ConnectionsView.swift; sourceTree = "<group>"; };
		8B88FD8B2C80F8B2001F2733 /* InfoContentView.swift */ = {isa = PBXFileReference; lastKnownFileType = sourcecode.swift; path = InfoContentView.swift; sourceTree = "<group>"; };
		8B88FD8D2C8104E3001F2733 /* ViewExtensions.swift */ = {isa = PBXFileReference; lastKnownFileType = sourcecode.swift; path = ViewExtensions.swift; sourceTree = "<group>"; };
		8B88FD8F2C810E08001F2733 /* StarredRepositoriesListView.swift */ = {isa = PBXFileReference; lastKnownFileType = sourcecode.swift; path = StarredRepositoriesListView.swift; sourceTree = "<group>"; };
		8B88FD912C810F9D001F2733 /* Repositories.swift */ = {isa = PBXFileReference; lastKnownFileType = sourcecode.swift; path = Repositories.swift; sourceTree = "<group>"; };
		8B9A27EC2C813A3F001F0C00 /* UserDetailsResponse.swift */ = {isa = PBXFileReference; lastKnownFileType = sourcecode.swift; path = UserDetailsResponse.swift; sourceTree = "<group>"; };
		8BB8354B2C7AF1F8002C79E6 /* UserDetails.swift */ = {isa = PBXFileReference; lastKnownFileType = sourcecode.swift; path = UserDetails.swift; sourceTree = "<group>"; };
		8BEAA1A02C7E316500AEDB6D /* SlidingTabView.swift */ = {isa = PBXFileReference; lastKnownFileType = sourcecode.swift; path = SlidingTabView.swift; sourceTree = "<group>"; };
		8BEAA1A22C7E595F00AEDB6D /* RepositoryItemView.swift */ = {isa = PBXFileReference; lastKnownFileType = sourcecode.swift; path = RepositoryItemView.swift; sourceTree = "<group>"; };
		8BF98C842C82264300E5139C /* RepositoryListView.swift */ = {isa = PBXFileReference; lastKnownFileType = sourcecode.swift; path = RepositoryListView.swift; sourceTree = "<group>"; };
/* End PBXFileReference section */

/* Begin PBXFrameworksBuildPhase section */
		8B6EC8642C71DEE400CF7B77 /* Frameworks */ = {
			isa = PBXFrameworksBuildPhase;
			buildActionMask = 2147483647;
			files = (
			);
			runOnlyForDeploymentPostprocessing = 0;
		};
/* End PBXFrameworksBuildPhase section */

/* Begin PBXGroup section */
		8B6EC85E2C71DEE400CF7B77 = {
			isa = PBXGroup;
			children = (
				8B6EC8692C71DEE400CF7B77 /* gitprofile */,
				8B6EC8682C71DEE400CF7B77 /* Products */,
			);
			sourceTree = "<group>";
		};
		8B6EC8682C71DEE400CF7B77 /* Products */ = {
			isa = PBXGroup;
			children = (
				8B6EC8672C71DEE400CF7B77 /* gitprofile.app */,
			);
			name = Products;
			sourceTree = "<group>";
		};
		8B6EC8692C71DEE400CF7B77 /* gitprofile */ = {
			isa = PBXGroup;
			children = (
				8B6EC88C2C73414700CF7B77 /* Data */,
				8B6EC88A2C73413B00CF7B77 /* Domain */,
				8B6EC8812C72D91F00CF7B77 /* View */,
				8B6EC87F2C72D8FB00CF7B77 /* Model */,
				8B6EC87E2C72D8EB00CF7B77 /* Users */,
				8B6EC86A2C71DEE400CF7B77 /* gitprofileApp.swift */,
				8B6EC86E2C71DEE600CF7B77 /* Assets.xcassets */,
				8B6EC8702C71DEE600CF7B77 /* Preview Content */,
			);
			path = gitprofile;
			sourceTree = "<group>";
		};
		8B6EC8702C71DEE600CF7B77 /* Preview Content */ = {
			isa = PBXGroup;
			children = (
				8B6EC8712C71DEE600CF7B77 /* Preview Assets.xcassets */,
			);
			path = "Preview Content";
			sourceTree = "<group>";
		};
		8B6EC87E2C72D8EB00CF7B77 /* Users */ = {
			isa = PBXGroup;
			children = (
			);
			path = Users;
			sourceTree = "<group>";
		};
		8B6EC87F2C72D8FB00CF7B77 /* Model */ = {
			isa = PBXGroup;
			children = (
				8B6EC87C2C71F18900CF7B77 /* Users.swift */,
				8B88FD912C810F9D001F2733 /* Repositories.swift */,
				8B9A27EC2C813A3F001F0C00 /* UserDetailsResponse.swift */,
			);
			path = Model;
			sourceTree = "<group>";
		};
		8B6EC8812C72D91F00CF7B77 /* View */ = {
			isa = PBXGroup;
			children = (
				8B6EC8872C73411E00CF7B77 /* Details */,
				8B6EC8862C73411600CF7B77 /* Users */,
			);
			path = View;
			sourceTree = "<group>";
		};
		8B6EC8862C73411600CF7B77 /* Users */ = {
			isa = PBXGroup;
			children = (
				8B6EC8822C72D94500CF7B77 /* UserListView.swift */,
				8B6EC8842C72D9C700CF7B77 /* UserCardView.swift */,
				8B6EC8902C73417600CF7B77 /* UserViewModel.swift */,
			);
			path = Users;
			sourceTree = "<group>";
		};
		8B6EC8872C73411E00CF7B77 /* Details */ = {
			isa = PBXGroup;
			children = (
				8BF98C832C82250400E5139C /* StarredRepositories */,
				8BF98C822C8224FE00E5139C /* Organizations */,
				8BF98C812C8224F300E5139C /* Repositories */,
				8BB8354B2C7AF1F8002C79E6 /* UserDetails.swift */,
				8BEAA1A02C7E316500AEDB6D /* SlidingTabView.swift */,
				8B88FD892C80F72F001F2733 /* ConnectionsView.swift */,
				8B88FD8B2C80F8B2001F2733 /* InfoContentView.swift */,
				8B88FD8D2C8104E3001F2733 /* ViewExtensions.swift */,
				8B5AD3802C83544000AA2571 /* UserDetailsViewModel.swift */,
			);
			path = Details;
			sourceTree = "<group>";
		};
		8B6EC8892C73413500CF7B77 /* UseCase */ = {
			isa = PBXGroup;
			children = (
			);
			path = UseCase;
			sourceTree = "<group>";
		};
		8B6EC88A2C73413B00CF7B77 /* Domain */ = {
			isa = PBXGroup;
			children = (
				8B6EC88B2C73414100CF7B77 /* Repository */,
				8B6EC8892C73413500CF7B77 /* UseCase */,
			);
			path = Domain;
			sourceTree = "<group>";
		};
		8B6EC88B2C73414100CF7B77 /* Repository */ = {
			isa = PBXGroup;
			children = (
			);
			path = Repository;
			sourceTree = "<group>";
		};
		8B6EC88C2C73414700CF7B77 /* Data */ = {
			isa = PBXGroup;
			children = (
				8B6EC88E2C73415800CF7B77 /* Local */,
				8B6EC88D2C73414C00CF7B77 /* Remote */,
			);
			path = Data;
			sourceTree = "<group>";
		};
		8B6EC88D2C73414C00CF7B77 /* Remote */ = {
			isa = PBXGroup;
			children = (
			);
			path = Remote;
			sourceTree = "<group>";
		};
		8B6EC88E2C73415800CF7B77 /* Local */ = {
			isa = PBXGroup;
			children = (
			);
			path = Local;
			sourceTree = "<group>";
		};
		8BF98C812C8224F300E5139C /* Repositories */ = {
			isa = PBXGroup;
			children = (
				8BEAA1A22C7E595F00AEDB6D /* RepositoryItemView.swift */,
				8BF98C842C82264300E5139C /* RepositoryListView.swift */,
			);
			path = Repositories;
			sourceTree = "<group>";
		};
		8BF98C822C8224FE00E5139C /* Organizations */ = {
			isa = PBXGroup;
			children = (
			);
			path = Organizations;
			sourceTree = "<group>";
		};
		8BF98C832C82250400E5139C /* StarredRepositories */ = {
			isa = PBXGroup;
			children = (
				8B88FD8F2C810E08001F2733 /* StarredRepositoriesListView.swift */,
			);
			path = StarredRepositories;
			sourceTree = "<group>";
		};
/* End PBXGroup section */

/* Begin PBXNativeTarget section */
		8B6EC8662C71DEE400CF7B77 /* gitprofile */ = {
			isa = PBXNativeTarget;
			buildConfigurationList = 8B6EC8752C71DEE600CF7B77 /* Build configuration list for PBXNativeTarget "gitprofile" */;
			buildPhases = (
				8B6EC8632C71DEE400CF7B77 /* Sources */,
				8B6EC8642C71DEE400CF7B77 /* Frameworks */,
				8B6EC8652C71DEE400CF7B77 /* Resources */,
			);
			buildRules = (
			);
			dependencies = (
			);
			name = gitprofile;
			productName = gitprofile;
			productReference = 8B6EC8672C71DEE400CF7B77 /* gitprofile.app */;
			productType = "com.apple.product-type.application";
		};
/* End PBXNativeTarget section */

/* Begin PBXProject section */
		8B6EC85F2C71DEE400CF7B77 /* Project object */ = {
			isa = PBXProject;
			attributes = {
				BuildIndependentTargetsInParallel = 1;
				LastSwiftUpdateCheck = 1500;
				LastUpgradeCheck = 1500;
				TargetAttributes = {
					8B6EC8662C71DEE400CF7B77 = {
						CreatedOnToolsVersion = 15.0.1;
					};
				};
			};
			buildConfigurationList = 8B6EC8622C71DEE400CF7B77 /* Build configuration list for PBXProject "gitprofile" */;
			compatibilityVersion = "Xcode 14.0";
			developmentRegion = en;
			hasScannedForEncodings = 0;
			knownRegions = (
				en,
				Base,
			);
			mainGroup = 8B6EC85E2C71DEE400CF7B77;
			productRefGroup = 8B6EC8682C71DEE400CF7B77 /* Products */;
			projectDirPath = "";
			projectRoot = "";
			targets = (
				8B6EC8662C71DEE400CF7B77 /* gitprofile */,
			);
		};
/* End PBXProject section */

/* Begin PBXResourcesBuildPhase section */
		8B6EC8652C71DEE400CF7B77 /* Resources */ = {
			isa = PBXResourcesBuildPhase;
			buildActionMask = 2147483647;
			files = (
				8B6EC8722C71DEE600CF7B77 /* Preview Assets.xcassets in Resources */,
				8B6EC86F2C71DEE600CF7B77 /* Assets.xcassets in Resources */,
			);
			runOnlyForDeploymentPostprocessing = 0;
		};
/* End PBXResourcesBuildPhase section */

/* Begin PBXSourcesBuildPhase section */
		8B6EC8632C71DEE400CF7B77 /* Sources */ = {
			isa = PBXSourcesBuildPhase;
			buildActionMask = 2147483647;
			files = (
				8B88FD8E2C8104E3001F2733 /* ViewExtensions.swift in Sources */,
				8B6EC87D2C71F18900CF7B77 /* Users.swift in Sources */,
				8B6EC86B2C71DEE400CF7B77 /* gitprofileApp.swift in Sources */,
				8B6EC8832C72D94500CF7B77 /* UserListView.swift in Sources */,
				8B88FD8A2C80F72F001F2733 /* ConnectionsView.swift in Sources */,
				8BEAA1A12C7E316500AEDB6D /* SlidingTabView.swift in Sources */,
				8B5AD3812C83544000AA2571 /* UserDetailsViewModel.swift in Sources */,
				8B6EC8852C72D9C700CF7B77 /* UserCardView.swift in Sources */,
				8B88FD8C2C80F8B2001F2733 /* InfoContentView.swift in Sources */,
				8B88FD902C810E08001F2733 /* StarredRepositoriesListView.swift in Sources */,
				8B88FD922C810F9D001F2733 /* Repositories.swift in Sources */,
				8BEAA1A32C7E595F00AEDB6D /* RepositoryItemView.swift in Sources */,
				8B9A27ED2C813A3F001F0C00 /* UserDetailsResponse.swift in Sources */,
				8BF98C852C82264300E5139C /* RepositoryListView.swift in Sources */,
				8B6EC8912C73417600CF7B77 /* UserViewModel.swift in Sources */,
				8BB8354C2C7AF1F8002C79E6 /* UserDetails.swift in Sources */,
			);
			runOnlyForDeploymentPostprocessing = 0;
		};
/* End PBXSourcesBuildPhase section */

/* Begin XCBuildConfiguration section */
		8B6EC8732C71DEE600CF7B77 /* Debug */ = {
			isa = XCBuildConfiguration;
			buildSettings = {
				ALWAYS_SEARCH_USER_PATHS = NO;
				ASSETCATALOG_COMPILER_GENERATE_SWIFT_ASSET_SYMBOL_EXTENSIONS = YES;
				CLANG_ANALYZER_NONNULL = YES;
				CLANG_ANALYZER_NUMBER_OBJECT_CONVERSION = YES_AGGRESSIVE;
				CLANG_CXX_LANGUAGE_STANDARD = "gnu++20";
				CLANG_ENABLE_MODULES = YES;
				CLANG_ENABLE_OBJC_ARC = YES;
				CLANG_ENABLE_OBJC_WEAK = YES;
				CLANG_WARN_BLOCK_CAPTURE_AUTORELEASING = YES;
				CLANG_WARN_BOOL_CONVERSION = YES;
				CLANG_WARN_COMMA = YES;
				CLANG_WARN_CONSTANT_CONVERSION = YES;
				CLANG_WARN_DEPRECATED_OBJC_IMPLEMENTATIONS = YES;
				CLANG_WARN_DIRECT_OBJC_ISA_USAGE = YES_ERROR;
				CLANG_WARN_DOCUMENTATION_COMMENTS = YES;
				CLANG_WARN_EMPTY_BODY = YES;
				CLANG_WARN_ENUM_CONVERSION = YES;
				CLANG_WARN_INFINITE_RECURSION = YES;
				CLANG_WARN_INT_CONVERSION = YES;
				CLANG_WARN_NON_LITERAL_NULL_CONVERSION = YES;
				CLANG_WARN_OBJC_IMPLICIT_RETAIN_SELF = YES;
				CLANG_WARN_OBJC_LITERAL_CONVERSION = YES;
				CLANG_WARN_OBJC_ROOT_CLASS = YES_ERROR;
				CLANG_WARN_QUOTED_INCLUDE_IN_FRAMEWORK_HEADER = YES;
				CLANG_WARN_RANGE_LOOP_ANALYSIS = YES;
				CLANG_WARN_STRICT_PROTOTYPES = YES;
				CLANG_WARN_SUSPICIOUS_MOVE = YES;
				CLANG_WARN_UNGUARDED_AVAILABILITY = YES_AGGRESSIVE;
				CLANG_WARN_UNREACHABLE_CODE = YES;
				CLANG_WARN__DUPLICATE_METHOD_MATCH = YES;
				COPY_PHASE_STRIP = NO;
				DEBUG_INFORMATION_FORMAT = dwarf;
				ENABLE_STRICT_OBJC_MSGSEND = YES;
				ENABLE_TESTABILITY = YES;
				ENABLE_USER_SCRIPT_SANDBOXING = YES;
				GCC_C_LANGUAGE_STANDARD = gnu17;
				GCC_DYNAMIC_NO_PIC = NO;
				GCC_NO_COMMON_BLOCKS = YES;
				GCC_OPTIMIZATION_LEVEL = 0;
				GCC_PREPROCESSOR_DEFINITIONS = (
					"DEBUG=1",
					"$(inherited)",
				);
				GCC_WARN_64_TO_32_BIT_CONVERSION = YES;
				GCC_WARN_ABOUT_RETURN_TYPE = YES_ERROR;
				GCC_WARN_UNDECLARED_SELECTOR = YES;
				GCC_WARN_UNINITIALIZED_AUTOS = YES_AGGRESSIVE;
				GCC_WARN_UNUSED_FUNCTION = YES;
				GCC_WARN_UNUSED_VARIABLE = YES;
				IPHONEOS_DEPLOYMENT_TARGET = 17.0;
				LOCALIZATION_PREFERS_STRING_CATALOGS = YES;
				MTL_ENABLE_DEBUG_INFO = INCLUDE_SOURCE;
				MTL_FAST_MATH = YES;
				ONLY_ACTIVE_ARCH = YES;
				SDKROOT = iphoneos;
				SWIFT_ACTIVE_COMPILATION_CONDITIONS = "DEBUG $(inherited)";
				SWIFT_OPTIMIZATION_LEVEL = "-Onone";
			};
			name = Debug;
		};
		8B6EC8742C71DEE600CF7B77 /* Release */ = {
			isa = XCBuildConfiguration;
			buildSettings = {
				ALWAYS_SEARCH_USER_PATHS = NO;
				ASSETCATALOG_COMPILER_GENERATE_SWIFT_ASSET_SYMBOL_EXTENSIONS = YES;
				CLANG_ANALYZER_NONNULL = YES;
				CLANG_ANALYZER_NUMBER_OBJECT_CONVERSION = YES_AGGRESSIVE;
				CLANG_CXX_LANGUAGE_STANDARD = "gnu++20";
				CLANG_ENABLE_MODULES = YES;
				CLANG_ENABLE_OBJC_ARC = YES;
				CLANG_ENABLE_OBJC_WEAK = YES;
				CLANG_WARN_BLOCK_CAPTURE_AUTORELEASING = YES;
				CLANG_WARN_BOOL_CONVERSION = YES;
				CLANG_WARN_COMMA = YES;
				CLANG_WARN_CONSTANT_CONVERSION = YES;
				CLANG_WARN_DEPRECATED_OBJC_IMPLEMENTATIONS = YES;
				CLANG_WARN_DIRECT_OBJC_ISA_USAGE = YES_ERROR;
				CLANG_WARN_DOCUMENTATION_COMMENTS = YES;
				CLANG_WARN_EMPTY_BODY = YES;
				CLANG_WARN_ENUM_CONVERSION = YES;
				CLANG_WARN_INFINITE_RECURSION = YES;
				CLANG_WARN_INT_CONVERSION = YES;
				CLANG_WARN_NON_LITERAL_NULL_CONVERSION = YES;
				CLANG_WARN_OBJC_IMPLICIT_RETAIN_SELF = YES;
				CLANG_WARN_OBJC_LITERAL_CONVERSION = YES;
				CLANG_WARN_OBJC_ROOT_CLASS = YES_ERROR;
				CLANG_WARN_QUOTED_INCLUDE_IN_FRAMEWORK_HEADER = YES;
				CLANG_WARN_RANGE_LOOP_ANALYSIS = YES;
				CLANG_WARN_STRICT_PROTOTYPES = YES;
				CLANG_WARN_SUSPICIOUS_MOVE = YES;
				CLANG_WARN_UNGUARDED_AVAILABILITY = YES_AGGRESSIVE;
				CLANG_WARN_UNREACHABLE_CODE = YES;
				CLANG_WARN__DUPLICATE_METHOD_MATCH = YES;
				COPY_PHASE_STRIP = NO;
				DEBUG_INFORMATION_FORMAT = "dwarf-with-dsym";
				ENABLE_NS_ASSERTIONS = NO;
				ENABLE_STRICT_OBJC_MSGSEND = YES;
				ENABLE_USER_SCRIPT_SANDBOXING = YES;
				GCC_C_LANGUAGE_STANDARD = gnu17;
				GCC_NO_COMMON_BLOCKS = YES;
				GCC_WARN_64_TO_32_BIT_CONVERSION = YES;
				GCC_WARN_ABOUT_RETURN_TYPE = YES_ERROR;
				GCC_WARN_UNDECLARED_SELECTOR = YES;
				GCC_WARN_UNINITIALIZED_AUTOS = YES_AGGRESSIVE;
				GCC_WARN_UNUSED_FUNCTION = YES;
				GCC_WARN_UNUSED_VARIABLE = YES;
				IPHONEOS_DEPLOYMENT_TARGET = 17.0;
				LOCALIZATION_PREFERS_STRING_CATALOGS = YES;
				MTL_ENABLE_DEBUG_INFO = NO;
				MTL_FAST_MATH = YES;
				SDKROOT = iphoneos;
				SWIFT_COMPILATION_MODE = wholemodule;
				VALIDATE_PRODUCT = YES;
			};
			name = Release;
		};
		8B6EC8762C71DEE600CF7B77 /* Debug */ = {
			isa = XCBuildConfiguration;
			buildSettings = {
				ASSETCATALOG_COMPILER_APPICON_NAME = AppIcon;
				ASSETCATALOG_COMPILER_GLOBAL_ACCENT_COLOR_NAME = AccentColor;
				CODE_SIGN_STYLE = Automatic;
				CURRENT_PROJECT_VERSION = 1;
				DEVELOPMENT_ASSET_PATHS = "\"gitprofile/Preview Content\"";
				DEVELOPMENT_TEAM = Z2PG8K834A;
				ENABLE_PREVIEWS = YES;
				GENERATE_INFOPLIST_FILE = YES;
				INFOPLIST_KEY_UIApplicationSceneManifest_Generation = YES;
				INFOPLIST_KEY_UIApplicationSupportsIndirectInputEvents = YES;
				INFOPLIST_KEY_UILaunchScreen_Generation = YES;
				INFOPLIST_KEY_UISupportedInterfaceOrientations_iPad = "UIInterfaceOrientationPortrait UIInterfaceOrientationPortraitUpsideDown UIInterfaceOrientationLandscapeLeft UIInterfaceOrientationLandscapeRight";
				INFOPLIST_KEY_UISupportedInterfaceOrientations_iPhone = "UIInterfaceOrientationPortrait UIInterfaceOrientationLandscapeLeft UIInterfaceOrientationLandscapeRight";
				LD_RUNPATH_SEARCH_PATHS = (
					"$(inherited)",
					"@executable_path/Frameworks",
				);
				MARKETING_VERSION = 1.0;
				PRODUCT_BUNDLE_IDENTIFIER = dev.forcecodes.gitprofile;
				PRODUCT_NAME = "$(TARGET_NAME)";
				SWIFT_EMIT_LOC_STRINGS = YES;
				SWIFT_VERSION = 5.0;
				TARGETED_DEVICE_FAMILY = "1,2";
			};
			name = Debug;
		};
		8B6EC8772C71DEE600CF7B77 /* Release */ = {
			isa = XCBuildConfiguration;
			buildSettings = {
				ASSETCATALOG_COMPILER_APPICON_NAME = AppIcon;
				ASSETCATALOG_COMPILER_GLOBAL_ACCENT_COLOR_NAME = AccentColor;
				CODE_SIGN_STYLE = Automatic;
				CURRENT_PROJECT_VERSION = 1;
				DEVELOPMENT_ASSET_PATHS = "\"gitprofile/Preview Content\"";
				DEVELOPMENT_TEAM = Z2PG8K834A;
				ENABLE_PREVIEWS = YES;
				GENERATE_INFOPLIST_FILE = YES;
				INFOPLIST_KEY_UIApplicationSceneManifest_Generation = YES;
				INFOPLIST_KEY_UIApplicationSupportsIndirectInputEvents = YES;
				INFOPLIST_KEY_UILaunchScreen_Generation = YES;
				INFOPLIST_KEY_UISupportedInterfaceOrientations_iPad = "UIInterfaceOrientationPortrait UIInterfaceOrientationPortraitUpsideDown UIInterfaceOrientationLandscapeLeft UIInterfaceOrientationLandscapeRight";
				INFOPLIST_KEY_UISupportedInterfaceOrientations_iPhone = "UIInterfaceOrientationPortrait UIInterfaceOrientationLandscapeLeft UIInterfaceOrientationLandscapeRight";
				LD_RUNPATH_SEARCH_PATHS = (
					"$(inherited)",
					"@executable_path/Frameworks",
				);
				MARKETING_VERSION = 1.0;
				PRODUCT_BUNDLE_IDENTIFIER = dev.forcecodes.gitprofile;
				PRODUCT_NAME = "$(TARGET_NAME)";
				SWIFT_EMIT_LOC_STRINGS = YES;
				SWIFT_VERSION = 5.0;
				TARGETED_DEVICE_FAMILY = "1,2";
			};
			name = Release;
		};
/* End XCBuildConfiguration section */

/* Begin XCConfigurationList section */
		8B6EC8622C71DEE400CF7B77 /* Build configuration list for PBXProject "gitprofile" */ = {
			isa = XCConfigurationList;
			buildConfigurations = (
				8B6EC8732C71DEE600CF7B77 /* Debug */,
				8B6EC8742C71DEE600CF7B77 /* Release */,
			);
			defaultConfigurationIsVisible = 0;
			defaultConfigurationName = Release;
		};
		8B6EC8752C71DEE600CF7B77 /* Build configuration list for PBXNativeTarget "gitprofile" */ = {
			isa = XCConfigurationList;
			buildConfigurations = (
				8B6EC8762C71DEE600CF7B77 /* Debug */,
				8B6EC8772C71DEE600CF7B77 /* Release */,
			);
			defaultConfigurationIsVisible = 0;
			defaultConfigurationName = Release;
		};
/* End XCConfigurationList section */
	};
	rootObject = 8B6EC85F2C71DEE400CF7B77 /* Project object */;
}
